# This file is automatically @generated by Cargo.
# It is not intended for manual editing.
version = 3

[[package]]
name = "amplify"
version = "3.12.0"
source = "registry+https://github.com/rust-lang/crates.io-index"
checksum = "47cfa6a69eeb140125a63e4f5ae1156a530f8744ea1d35aa1b8b5613e4d8b41d"
dependencies = [
 "amplify_derive",
 "amplify_num",
 "amplify_syn",
]

[[package]]
name = "amplify_derive"
version = "2.11.2"
source = "registry+https://github.com/rust-lang/crates.io-index"
checksum = "bcd9d6315c0fb32fb125a50992f64bca686a7012e8b897316cb8e30b0294315c"
dependencies = [
 "amplify_syn",
 "proc-macro2",
 "quote",
 "syn",
]

[[package]]
name = "amplify_num"
version = "0.4.0"
source = "registry+https://github.com/rust-lang/crates.io-index"
checksum = "8d987f94e7127a80238f8f467b756d248bb72345dff59673ffe3fa213b15e503"

[[package]]
name = "amplify_syn"
version = "1.1.6"
source = "registry+https://github.com/rust-lang/crates.io-index"
checksum = "da24db1445cc7bc3842fa072c2d51fe5b25b812b6a572d65842a4c72e87221ac"
dependencies = [
 "proc-macro2",
 "quote",
 "syn",
]

[[package]]
name = "autocfg"
version = "1.1.0"
source = "registry+https://github.com/rust-lang/crates.io-index"
checksum = "d468802bab17cbc0cc575e9b053f41e72aa36bfa6b7f55e3529ffa43161b97fa"

[[package]]
name = "base64-compat"
version = "1.0.0"
source = "registry+https://github.com/rust-lang/crates.io-index"
checksum = "5a8d4d2746f89841e49230dd26917df1876050f95abafafbe34f47cb534b88d7"
dependencies = [
 "byteorder",
]

[[package]]
name = "bech32"
version = "0.8.1"
source = "registry+https://github.com/rust-lang/crates.io-index"
checksum = "cf9ff0bbfd639f15c74af777d81383cf53efb7c93613f6cab67c6c11e05bbf8b"

[[package]]
name = "bitcoin"
version = "0.28.1"
source = "registry+https://github.com/rust-lang/crates.io-index"
checksum = "05bba324e6baf655b882df672453dbbc527bc938cadd27750ae510aaccc3a66a"
dependencies = [
 "base64-compat",
 "bech32",
 "bitcoin_hashes",
 "secp256k1",
]

[[package]]
name = "bitcoin_hashes"
version = "0.10.0"
source = "registry+https://github.com/rust-lang/crates.io-index"
checksum = "006cc91e1a1d99819bc5b8214be3555c1f0611b169f527a1fdc54ed1f2b745b0"

[[package]]
name = "bitcoin_hd"
version = "0.7.0"
source = "registry+https://github.com/rust-lang/crates.io-index"
checksum = "557293b70a325df3a3c40103a74fa2a4baa3542bffc9a32a735704b5145815a7"
dependencies = [
 "amplify",
 "bitcoin",
 "slip132",
 "strict_encoding",
]

[[package]]
name = "bitcoin_onchain"
version = "0.7.0"
source = "registry+https://github.com/rust-lang/crates.io-index"
checksum = "7e9453484e54cffe3f9f0075b0ee862950621185475aecae8b2eef97ad4ff9d2"
dependencies = [
 "amplify",
 "bitcoin",
 "bitcoin_hd",
 "chrono",
 "descriptors",
 "strict_encoding",
]

[[package]]
name = "bitcoin_scripts"
version = "0.7.0"
source = "registry+https://github.com/rust-lang/crates.io-index"
checksum = "d8ef0ceaddc4fc71a8c6c923201abbf269f36ae7d7e50ee2d93fd4c32537e113"
dependencies = [
 "amplify",
 "bitcoin",
 "secp256k1",
 "stability",
 "strict_encoding",
]

[[package]]
name = "byteorder"
version = "1.4.3"
source = "registry+https://github.com/rust-lang/crates.io-index"
checksum = "14c189c53d098945499cdfa7ecc63567cf3886b3332b312a5b4585d8d3a6a610"

[[package]]
name = "cc"
version = "1.0.73"
source = "registry+https://github.com/rust-lang/crates.io-index"
checksum = "2fff2a6927b3bb87f9595d67196a70493f627687a71d87a0d692242c33f58c11"

[[package]]
name = "chrono"
version = "0.4.19"
source = "registry+https://github.com/rust-lang/crates.io-index"
checksum = "670ad68c9088c2a963aaa298cb369688cf3f9465ce5e2d4ca10e6e0098a1ce73"
dependencies = [
 "libc",
 "num-integer",
 "num-traits",
 "time",
 "winapi",
]

[[package]]
name = "descriptor-wallet"
version = "0.7.0"
source = "registry+https://github.com/rust-lang/crates.io-index"
checksum = "c7f3be0f0755d8219ebc71fc0a41e015c2e61bf3397fe22dd95afe4ebf9b566e"
dependencies = [
 "amplify",
 "bitcoin",
 "bitcoin_hd",
 "bitcoin_onchain",
 "bitcoin_scripts",
 "chrono",
 "psbt",
 "slip132",
 "strict_encoding",
]

[[package]]
name = "descriptors"
version = "0.7.0"
source = "registry+https://github.com/rust-lang/crates.io-index"
checksum = "36afa2baa98f5205560c4e194c0f943546682b943bc96adbec54ed7e1bbf5cab"
dependencies = [
 "amplify",
 "bitcoin",
 "bitcoin_hd",
 "bitcoin_scripts",
 "chrono",
 "strict_encoding",
]

[[package]]
name = "encoding_derive_helpers"
version = "1.7.6"
source = "registry+https://github.com/rust-lang/crates.io-index"
checksum = "dc4ba8a88067b85c8714922db6e5f2af47b894d63b771dbb0c4d31d6607e9057"
dependencies = [
 "amplify",
 "proc-macro2",
 "quote",
 "syn",
]

[[package]]
name = "libc"
version = "0.2.119"
source = "registry+https://github.com/rust-lang/crates.io-index"
checksum = "1bf2e165bb3457c8e098ea76f3e3bc9db55f87aa90d52d0e6be741470916aaa4"

[[package]]
name = "lightning_encoding"
version = "0.7.0"
dependencies = [
 "amplify",
 "bitcoin",
 "chrono",
 "descriptor-wallet",
 "lightning_encoding_derive",
 "strict_encoding",
]

[[package]]
name = "lightning_encoding_derive"
version = "0.7.0"
dependencies = [
 "amplify_derive",
 "amplify_syn",
 "encoding_derive_helpers",
 "lightning_encoding",
 "proc-macro2",
 "quote",
 "syn",
]

[[package]]
name = "num-integer"
version = "0.1.44"
source = "registry+https://github.com/rust-lang/crates.io-index"
checksum = "d2cc698a63b549a70bc047073d2949cce27cd1c7b0a4a862d08a8031bc2801db"
dependencies = [
 "autocfg",
 "num-traits",
]

[[package]]
name = "num-traits"
version = "0.2.14"
source = "registry+https://github.com/rust-lang/crates.io-index"
checksum = "9a64b1ec5cda2586e284722486d802acf1f7dbdc623e2bfc57e65ca1cd099290"
dependencies = [
 "autocfg",
]

[[package]]
name = "proc-macro2"
version = "1.0.36"
source = "registry+https://github.com/rust-lang/crates.io-index"
checksum = "c7342d5883fbccae1cc37a2353b09c87c9b0f3afd73f5fb9bba687a1f733b029"
dependencies = [
 "unicode-xid",
]

[[package]]
name = "psbt"
version = "0.7.0"
source = "registry+https://github.com/rust-lang/crates.io-index"
checksum = "2e983970b390169b0e5c2781de5ae24fd9e20362c3c3ef5d4153fddd6895f977"
dependencies = [
 "amplify",
 "bitcoin",
 "bitcoin_hd",
 "bitcoin_onchain",
 "bitcoin_scripts",
 "descriptors",
 "strict_encoding",
]

[[package]]
name = "quote"
version = "1.0.15"
source = "registry+https://github.com/rust-lang/crates.io-index"
checksum = "864d3e96a899863136fc6e99f3d7cae289dafe43bf2c5ac19b70df7210c0a145"
dependencies = [
 "proc-macro2",
]

[[package]]
name = "secp256k1"
version = "0.22.1"
source = "registry+https://github.com/rust-lang/crates.io-index"
checksum = "26947345339603ae8395f68e2f3d85a6b0a8ddfe6315818e80b8504415099db0"
dependencies = [
 "secp256k1-sys",
]

[[package]]
name = "secp256k1-sys"
version = "0.5.1"
source = "registry+https://github.com/rust-lang/crates.io-index"
checksum = "aa6f71720acd498e888501dd485d54bb437735f02dd95eb717dac5aee6631894"
dependencies = [
 "cc",
]

[[package]]
name = "slip132"
version = "0.7.0"
source = "registry+https://github.com/rust-lang/crates.io-index"
checksum = "086f81f7be78373eb07e9879fa77e49d52416bde18778f675698c5c7da6b296c"
dependencies = [
 "amplify",
 "bitcoin",
 "strict_encoding",
]

[[package]]
name = "stability"
version = "0.1.1"
source = "registry+https://github.com/rust-lang/crates.io-index"
checksum = "ebd1b177894da2a2d9120208c3386066af06a488255caabc5de8ddca22dbc3ce"
dependencies = [
 "quote",
 "syn",
]

[[package]]
name = "strict_encoding"
version = "1.8.0"
source = "registry+https://github.com/rust-lang/crates.io-index"
checksum = "3e015cca52367dd55ef4af01b5a3e9c0569394b1be0eedc87c95a1d8246565db"
dependencies = [
 "amplify",
 "bitcoin",
 "bitcoin_hashes",
 "chrono",
 "strict_encoding_derive",
]

[[package]]
name = "strict_encoding_derive"
version = "1.7.6"
source = "registry+https://github.com/rust-lang/crates.io-index"
checksum = "3bc7b868cb00c8861784b7f463c984c4b2ad20d1f23cec5997ad9cb41e559239"
dependencies = [
 "amplify_syn",
 "encoding_derive_helpers",
 "proc-macro2",
 "syn",
]

[[package]]
name = "syn"
version = "1.0.86"
source = "registry+https://github.com/rust-lang/crates.io-index"
checksum = "8a65b3f4ffa0092e9887669db0eae07941f023991ab58ea44da8fe8e2d511c6b"
dependencies = [
 "proc-macro2",
 "quote",
 "unicode-xid",
]

[[package]]
name = "time"
version = "0.1.44"
source = "registry+https://github.com/rust-lang/crates.io-index"
checksum = "6db9e6914ab8b1ae1c260a4ae7a49b6c5611b40328a735b21862567685e73255"
dependencies = [
 "libc",
 "wasi",
 "winapi",
]

[[package]]
name = "unicode-xid"
version = "0.2.2"
source = "registry+https://github.com/rust-lang/crates.io-index"
checksum = "8ccb82d61f80a663efe1f787a51b16b5a51e3314d6ac365b08639f52387b33f3"

[[package]]
name = "wasi"
version = "0.10.0+wasi-snapshot-preview1"
source = "registry+https://github.com/rust-lang/crates.io-index"
checksum = "1a143597ca7c7793eff794def352d41792a93c481eb1042423ff7ff72ba2c31f"

[[package]]
name = "winapi"
version = "0.3.9"
source = "registry+https://github.com/rust-lang/crates.io-index"
checksum = "5c839a674fcd7a98952e593242ea400abe93992746761e38641405d28b00f419"
dependencies = [
 "winapi-i686-pc-windows-gnu",
 "winapi-x86_64-pc-windows-gnu",
]

[[package]]
name = "winapi-i686-pc-windows-gnu"
version = "0.4.0"
source = "registry+https://github.com/rust-lang/crates.io-index"
checksum = "ac3b87c63620426dd9b991e5ce0329eff545bccbbb34f3be09ff6fb6ab51b7b6"

[[package]]
name = "winapi-x86_64-pc-windows-gnu"
version = "0.4.0"
source = "registry+https://github.com/rust-lang/crates.io-index"
checksum = "712e227841d057c1ee1cd2fb22fa7e5a5461ae8e48fa2ca79ec42cfc1931183f"
