# This file is automatically @generated by Cargo.
# It is not intended for manual editing.
version = 3

[[package]]
name = "amplify"
version = "3.12.1"
source = "registry+https://github.com/rust-lang/crates.io-index"
checksum = "e45c604e86700ffea68a7d90c3ffb1508dad1120902f31dbb08afc942cf8acf3"
dependencies = [
 "amplify_derive",
 "amplify_num",
 "amplify_syn",
]

[[package]]
name = "amplify_derive"
version = "2.11.2"
source = "registry+https://github.com/rust-lang/crates.io-index"
checksum = "bcd9d6315c0fb32fb125a50992f64bca686a7012e8b897316cb8e30b0294315c"
dependencies = [
 "amplify_syn",
 "proc-macro2",
 "quote",
 "syn",
]

[[package]]
name = "amplify_num"
version = "0.4.1"
source = "registry+https://github.com/rust-lang/crates.io-index"
checksum = "f27d3d00d3d115395a7a8a4dc045feb7aa82b641e485f7e15f4e67ac16f4f56d"

[[package]]
name = "amplify_syn"
version = "1.1.6"
source = "registry+https://github.com/rust-lang/crates.io-index"
checksum = "da24db1445cc7bc3842fa072c2d51fe5b25b812b6a572d65842a4c72e87221ac"
dependencies = [
 "proc-macro2",
 "quote",
 "syn",
]

[[package]]
name = "autocfg"
version = "1.1.0"
source = "registry+https://github.com/rust-lang/crates.io-index"
checksum = "d468802bab17cbc0cc575e9b053f41e72aa36bfa6b7f55e3529ffa43161b97fa"

[[package]]
name = "bech32"
version = "0.8.1"
source = "registry+https://github.com/rust-lang/crates.io-index"
checksum = "cf9ff0bbfd639f15c74af777d81383cf53efb7c93613f6cab67c6c11e05bbf8b"

[[package]]
name = "bitcoin"
version = "0.28.1"
source = "registry+https://github.com/rust-lang/crates.io-index"
checksum = "05bba324e6baf655b882df672453dbbc527bc938cadd27750ae510aaccc3a66a"
dependencies = [
 "bech32",
 "bitcoin_hashes",
 "secp256k1",
]

[[package]]
name = "bitcoin_hashes"
version = "0.10.0"
source = "registry+https://github.com/rust-lang/crates.io-index"
checksum = "006cc91e1a1d99819bc5b8214be3555c1f0611b169f527a1fdc54ed1f2b745b0"

[[package]]
name = "bitcoin_scripts"
version = "0.8.2"
source = "registry+https://github.com/rust-lang/crates.io-index"
checksum = "e5ea66aa1dc492569f2a3ff224449ab29733854b2f591830fee53840c3b3ac4b"
dependencies = [
 "amplify",
 "bitcoin",
 "secp256k1",
 "stability",
 "strict_encoding",
]

[[package]]
name = "cc"
version = "1.0.73"
source = "registry+https://github.com/rust-lang/crates.io-index"
checksum = "2fff2a6927b3bb87f9595d67196a70493f627687a71d87a0d692242c33f58c11"

[[package]]
name = "chrono"
version = "0.4.19"
source = "registry+https://github.com/rust-lang/crates.io-index"
checksum = "670ad68c9088c2a963aaa298cb369688cf3f9465ce5e2d4ca10e6e0098a1ce73"
dependencies = [
 "libc",
 "num-integer",
 "num-traits",
 "time",
 "winapi",
]

[[package]]
name = "encoding_derive_helpers"
version = "0.8.0"
source = "registry+https://github.com/rust-lang/crates.io-index"
checksum = "d1031494858bb61a17feb9e51f0bc2d0a397d7fefa1f0a9e92f6e260912d51d7"
dependencies = [
 "amplify",
 "proc-macro2",
 "quote",
 "syn",
]

[[package]]
name = "libc"
version = "0.2.126"
source = "registry+https://github.com/rust-lang/crates.io-index"
checksum = "349d5a591cd28b49e1d1037471617a32ddcda5731b99419008085f72d5a53836"

[[package]]
name = "lightning_encoding"
version = "0.8.0"
dependencies = [
 "amplify",
 "bitcoin",
 "bitcoin_scripts",
 "chrono",
 "lightning_encoding_derive 0.8.0",
 "lnpbp_chain",
 "strict_encoding",
]

[[package]]
name = "lightning_encoding"
version = "0.8.0"
source = "registry+https://github.com/rust-lang/crates.io-index"
checksum = "bbfcfa60726746c360fb68ad137ca83baa9670db38e97549454a6da86c8c8c05"
dependencies = [
 "amplify",
 "bitcoin",
 "bitcoin_scripts",
 "chrono",
 "lightning_encoding_derive 0.8.0 (registry+https://github.com/rust-lang/crates.io-index)",
 "strict_encoding",
]

[[package]]
name = "lightning_encoding_derive"
version = "0.8.0"
dependencies = [
 "amplify_derive",
 "amplify_syn",
 "encoding_derive_helpers",
 "lightning_encoding 0.8.0",
 "proc-macro2",
 "quote",
 "syn",
]

[[package]]
name = "lightning_encoding_derive"
version = "0.8.0"
source = "registry+https://github.com/rust-lang/crates.io-index"
checksum = "d24e56debda6b7cd63229a2d8b697eb73a77cc9a00507e06885b74b7f9fecb3d"
dependencies = [
 "amplify_syn",
 "encoding_derive_helpers",
 "proc-macro2",
 "quote",
 "syn",
]

[[package]]
name = "lnpbp_chain"
version = "0.8.0"
source = "registry+https://github.com/rust-lang/crates.io-index"
checksum = "045c8c8f4a9d20f616eccc3b1e0a9e4ebfc024b715cb9543668e9ba5160aa591"
dependencies = [
 "amplify",
 "bitcoin",
 "bitcoin_hashes",
 "lightning_encoding 0.8.0 (registry+https://github.com/rust-lang/crates.io-index)",
 "once_cell",
 "strict_encoding",
]

[[package]]
name = "num-integer"
version = "0.1.45"
source = "registry+https://github.com/rust-lang/crates.io-index"
checksum = "225d3389fb3509a24c93f5c29eb6bde2586b98d9f016636dff58d7c6f7569cd9"
dependencies = [
 "autocfg",
 "num-traits",
]

[[package]]
name = "num-traits"
version = "0.2.15"
source = "registry+https://github.com/rust-lang/crates.io-index"
checksum = "578ede34cf02f8924ab9447f50c28075b4d3e5b269972345e7e0372b38c6cdcd"
dependencies = [
 "autocfg",
]

[[package]]
name = "once_cell"
version = "1.16.0"
source = "registry+https://github.com/rust-lang/crates.io-index"
checksum = "86f0b0d4bf799edbc74508c1e8bf170ff5f41238e5f8225603ca7caaae2b7860"

[[package]]
name = "proc-macro2"
version = "1.0.40"
source = "registry+https://github.com/rust-lang/crates.io-index"
checksum = "dd96a1e8ed2596c337f8eae5f24924ec83f5ad5ab21ea8e455d3566c69fbcaf7"
dependencies = [
 "unicode-ident",
]

[[package]]
name = "quote"
version = "1.0.20"
source = "registry+https://github.com/rust-lang/crates.io-index"
checksum = "3bcdf212e9776fbcb2d23ab029360416bb1706b1aea2d1a5ba002727cbcab804"
dependencies = [
 "proc-macro2",
]

[[package]]
name = "secp256k1"
version = "0.22.1"
source = "registry+https://github.com/rust-lang/crates.io-index"
checksum = "26947345339603ae8395f68e2f3d85a6b0a8ddfe6315818e80b8504415099db0"
dependencies = [
 "secp256k1-sys",
]

[[package]]
name = "secp256k1-sys"
version = "0.5.2"
source = "registry+https://github.com/rust-lang/crates.io-index"
checksum = "152e20a0fd0519390fc43ab404663af8a0b794273d2a91d60ad4a39f13ffe110"
dependencies = [
 "cc",
]

[[package]]
name = "stability"
version = "0.1.1"
source = "registry+https://github.com/rust-lang/crates.io-index"
checksum = "ebd1b177894da2a2d9120208c3386066af06a488255caabc5de8ddca22dbc3ce"
dependencies = [
 "quote",
 "syn",
]

[[package]]
name = "strict_encoding"
version = "0.8.0"
source = "registry+https://github.com/rust-lang/crates.io-index"
checksum = "3a0cffbeaff0c2b9981412ac471b7d99cb4adcff75a6967114ea36cd8faae930"
dependencies = [
 "amplify",
 "bitcoin",
 "bitcoin_hashes",
 "chrono",
 "strict_encoding_derive",
]

[[package]]
name = "strict_encoding_derive"
version = "0.8.0"
source = "registry+https://github.com/rust-lang/crates.io-index"
checksum = "fd6a1540913b4033307dc0c09e5497ed33d940941f926e2d5e6e676521fbe353"
dependencies = [
 "amplify_syn",
 "encoding_derive_helpers",
 "proc-macro2",
 "syn",
]

[[package]]
name = "syn"
version = "1.0.98"
source = "registry+https://github.com/rust-lang/crates.io-index"
checksum = "c50aef8a904de4c23c788f104b7dddc7d6f79c647c7c8ce4cc8f73eb0ca773dd"
dependencies = [
 "proc-macro2",
 "quote",
 "unicode-ident",
]

[[package]]
name = "time"
version = "0.1.44"
source = "registry+https://github.com/rust-lang/crates.io-index"
checksum = "6db9e6914ab8b1ae1c260a4ae7a49b6c5611b40328a735b21862567685e73255"
dependencies = [
 "libc",
 "wasi",
 "winapi",
]

[[package]]
name = "unicode-ident"
version = "1.0.1"
source = "registry+https://github.com/rust-lang/crates.io-index"
checksum = "5bd2fe26506023ed7b5e1e315add59d6f584c621d037f9368fea9cfb988f368c"

[[package]]
name = "wasi"
version = "0.10.0+wasi-snapshot-preview1"
source = "registry+https://github.com/rust-lang/crates.io-index"
checksum = "1a143597ca7c7793eff794def352d41792a93c481eb1042423ff7ff72ba2c31f"

[[package]]
name = "winapi"
version = "0.3.9"
source = "registry+https://github.com/rust-lang/crates.io-index"
checksum = "5c839a674fcd7a98952e593242ea400abe93992746761e38641405d28b00f419"
dependencies = [
 "winapi-i686-pc-windows-gnu",
 "winapi-x86_64-pc-windows-gnu",
]

[[package]]
name = "winapi-i686-pc-windows-gnu"
version = "0.4.0"
source = "registry+https://github.com/rust-lang/crates.io-index"
checksum = "ac3b87c63620426dd9b991e5ce0329eff545bccbbb34f3be09ff6fb6ab51b7b6"

[[package]]
name = "winapi-x86_64-pc-windows-gnu"
version = "0.4.0"
source = "registry+https://github.com/rust-lang/crates.io-index"
checksum = "712e227841d057c1ee1cd2fb22fa7e5a5461ae8e48fa2ca79ec42cfc1931183f"
